
Microsoft Visual Studio Solution File, Format Version 12.00
# Visual Studio Version 17
VisualStudioVersion = 17.0.31903.59
MinimumVisualStudioVersion = 10.0.40219.1
Project("{FAE04EC0-301F-11D3-BF4B-00C04F79EFBC}") = "DeadCode", "DeadCode\DeadCode.csproj", "{DC40DA0B-27F1-42A1-AC6E-1E0BA340D0D8}"
EndProject
Project("{FAE04EC0-301F-11D3-BF4B-00C04F79EFBC}") = "DeadCode.Tests", "DeadCode.Tests\DeadCode.Tests.csproj", "{FE2CC271-3D17-4B67-A908-1B9CAAF8A94D}"
EndProject
Project("{FAE04EC0-301F-11D3-BF4B-00C04F79EFBC}") = "SampleAppWithDeadCode", "Samples\SampleAppWithDeadCode\SampleAppWithDeadCode.csproj", "{1B9FD385-C69E-E39A-FE02-33A3BDF02543}"
EndProject
Global
	GlobalSection(SolutionConfigurationPlatforms) = preSolution
		Debug|Any CPU = Debug|Any CPU
		Debug|x64 = Debug|x64
		Debug|x86 = Debug|x86
		Release|Any CPU = Release|Any CPU
		Release|x64 = Release|x64
		Release|x86 = Release|x86
	EndGlobalSection
	GlobalSection(ProjectConfigurationPlatforms) = postSolution
		{DC40DA0B-27F1-42A1-AC6E-1E0BA340D0D8}.Debug|Any CPU.ActiveCfg = Debug|Any CPU
		{DC40DA0B-27F1-42A1-AC6E-1E0BA340D0D8}.Debug|Any CPU.Build.0 = Debug|Any CPU
		{DC40DA0B-27F1-42A1-AC6E-1E0BA340D0D8}.Debug|x64.ActiveCfg = Debug|Any CPU
		{DC40DA0B-27F1-42A1-AC6E-1E0BA340D0D8}.Debug|x64.Build.0 = Debug|Any CPU
		{DC40DA0B-27F1-42A1-AC6E-1E0BA340D0D8}.Debug|x86.ActiveCfg = Debug|Any CPU
		{DC40DA0B-27F1-42A1-AC6E-1E0BA340D0D8}.Debug|x86.Build.0 = Debug|Any CPU
		{DC40DA0B-27F1-42A1-AC6E-1E0BA340D0D8}.Release|Any CPU.ActiveCfg = Release|Any CPU
		{DC40DA0B-27F1-42A1-AC6E-1E0BA340D0D8}.Release|Any CPU.Build.0 = Release|Any CPU
		{DC40DA0B-27F1-42A1-AC6E-1E0BA340D0D8}.Release|x64.ActiveCfg = Release|Any CPU
		{DC40DA0B-27F1-42A1-AC6E-1E0BA340D0D8}.Release|x64.Build.0 = Release|Any CPU
		{DC40DA0B-27F1-42A1-AC6E-1E0BA340D0D8}.Release|x86.ActiveCfg = Release|Any CPU
		{DC40DA0B-27F1-42A1-AC6E-1E0BA340D0D8}.Release|x86.Build.0 = Release|Any CPU
		{FE2CC271-3D17-4B67-A908-1B9CAAF8A94D}.Debug|Any CPU.ActiveCfg = Debug|Any CPU
		{FE2CC271-3D17-4B67-A908-1B9CAAF8A94D}.Debug|Any CPU.Build.0 = Debug|Any CPU
		{FE2CC271-3D17-4B67-A908-1B9CAAF8A94D}.Debug|x64.ActiveCfg = Debug|Any CPU
		{FE2CC271-3D17-4B67-A908-1B9CAAF8A94D}.Debug|x64.Build.0 = Debug|Any CPU
		{FE2CC271-3D17-4B67-A908-1B9CAAF8A94D}.Debug|x86.ActiveCfg = Debug|Any CPU
		{FE2CC271-3D17-4B67-A908-1B9CAAF8A94D}.Debug|x86.Build.0 = Debug|Any CPU
		{FE2CC271-3D17-4B67-A908-1B9CAAF8A94D}.Release|Any CPU.ActiveCfg = Release|Any CPU
		{FE2CC271-3D17-4B67-A908-1B9CAAF8A94D}.Release|Any CPU.Build.0 = Release|Any CPU
		{FE2CC271-3D17-4B67-A908-1B9CAAF8A94D}.Release|x64.ActiveCfg = Release|Any CPU
		{FE2CC271-3D17-4B67-A908-1B9CAAF8A94D}.Release|x64.Build.0 = Release|Any CPU
		{FE2CC271-3D17-4B67-A908-1B9CAAF8A94D}.Release|x86.ActiveCfg = Release|Any CPU
		{FE2CC271-3D17-4B67-A908-1B9CAAF8A94D}.Release|x86.Build.0 = Release|Any CPU
		{1B9FD385-C69E-E39A-FE02-33A3BDF02543}.Debug|Any CPU.ActiveCfg = Debug|Any CPU
		{1B9FD385-C69E-E39A-FE02-33A3BDF02543}.Debug|Any CPU.Build.0 = Debug|Any CPU
		{1B9FD385-C69E-E39A-FE02-33A3BDF02543}.Debug|x64.ActiveCfg = Debug|Any CPU
		{1B9FD385-C69E-E39A-FE02-33A3BDF02543}.Debug|x64.Build.0 = Debug|Any CPU
		{1B9FD385-C69E-E39A-FE02-33A3BDF02543}.Debug|x86.ActiveCfg = Debug|Any CPU
		{1B9FD385-C69E-E39A-FE02-33A3BDF02543}.Debug|x86.Build.0 = Debug|Any CPU
		{1B9FD385-C69E-E39A-FE02-33A3BDF02543}.Release|Any CPU.ActiveCfg = Release|Any CPU
		{1B9FD385-C69E-E39A-FE02-33A3BDF02543}.Release|Any CPU.Build.0 = Release|Any CPU
		{1B9FD385-C69E-E39A-FE02-33A3BDF02543}.Release|x64.ActiveCfg = Release|Any CPU
		{1B9FD385-C69E-E39A-FE02-33A3BDF02543}.Release|x64.Build.0 = Release|Any CPU
		{1B9FD385-C69E-E39A-FE02-33A3BDF02543}.Release|x86.ActiveCfg = Release|Any CPU
		{1B9FD385-C69E-E39A-FE02-33A3BDF02543}.Release|x86.Build.0 = Release|Any CPU
	EndGlobalSection
	GlobalSection(SolutionProperties) = preSolution
		HideSolutionNode = FALSE
	EndGlobalSection
	GlobalSection(ExtensibilityGlobals) = postSolution
		SolutionGuid = {CA1ADB48-2C9C-4507-B790-36FCB4DC2DE3}
	EndGlobalSection
EndGlobal
