<Solution>
  <Configurations>
    <Platform Name="Any CPU" />
    <Platform Name="x64" />
    <Platform Name="x86" />
  </Configurations>
  <Project Path="DeadCode.Tests/DeadCode.Tests.csproj" />
  <Project Path="DeadCode/DeadCode.csproj" />
  <Project Path="Samples/SampleAppWithDeadCode/SampleAppWithDeadCode.csproj" />
</Solution>
